// !$*UTF8*$!
{
	archiveVersion = 1;
	classes = {
	};
	objectVersion = 46;
	objects = {

/* Begin PBXBuildFile section */
		1DD4F3351E178491003C04C8 /* FMMemoryTip.m in Sources */ = {isa = PBXBuildFile; fileRef = 1DD4F3341E178491003C04C8 /* FMMemoryTip.m */; };
		C242A10A1CC392F9002A64B5 /* main.m in Sources */ = {isa = PBXBuildFile; fileRef = C242A1091CC392F9002A64B5 /* main.m */; };
		C242A10D1CC392F9002A64B5 /* AppDelegate.m in Sources */ = {isa = PBXBuildFile; fileRef = C242A10C1CC392F9002A64B5 /* AppDelegate.m */; };
		C242A1101CC392F9002A64B5 /* ViewController.m in Sources */ = {isa = PBXBuildFile; fileRef = C242A10F1CC392F9002A64B5 /* ViewController.m */; };
		C242A1131CC392F9002A64B5 /* Main.storyboard in Resources */ = {isa = PBXBuildFile; fileRef = C242A1111CC392F9002A64B5 /* Main.storyboard */; };
		C242A1151CC392F9002A64B5 /* Assets.xcassets in Resources */ = {isa = PBXBuildFile; fileRef = C242A1141CC392F9002A64B5 /* Assets.xcassets */; };
		C242A1181CC392F9002A64B5 /* LaunchScreen.storyboard in Resources */ = {isa = PBXBuildFile; fileRef = C242A1161CC392F9002A64B5 /* LaunchScreen.storyboard */; };
		C242A1211CC39889002A64B5 /* DeviceManager.m in Sources */ = {isa = PBXBuildFile; fileRef = C242A1201CC39889002A64B5 /* DeviceManager.m */; };
		C242A1241CC39921002A64B5 /* TopWindow.m in Sources */ = {isa = PBXBuildFile; fileRef = C242A1231CC39921002A64B5 /* TopWindow.m */; };
/* End PBXBuildFile section */

/* Begin PBXFileReference section */
		1DD4F3331E178491003C04C8 /* FMMemoryTip.h */ = {isa = PBXFileReference; fileEncoding = 4; lastKnownFileType = sourcecode.c.h; path = FMMemoryTip.h; sourceTree = "<group>"; };
		1DD4F3341E178491003C04C8 /* FMMemoryTip.m */ = {isa = PBXFileReference; fileEncoding = 4; lastKnownFileType = sourcecode.c.objc; path = FMMemoryTip.m; sourceTree = "<group>"; };
		C242A1051CC392F9002A64B5 /* PushToSetting.app */ = {isa = PBXFileReference; explicitFileType = wrapper.application; includeInIndex = 0; path = PushToSetting.app; sourceTree = BUILT_PRODUCTS_DIR; };
		C242A1091CC392F9002A64B5 /* main.m */ = {isa = PBXFileReference; lastKnownFileType = sourcecode.c.objc; path = main.m; sourceTree = "<group>"; };
		C242A10B1CC392F9002A64B5 /* AppDelegate.h */ = {isa = PBXFileReference; lastKnownFileType = sourcecode.c.h; path = AppDelegate.h; sourceTree = "<group>"; };
		C242A10C1CC392F9002A64B5 /* AppDelegate.m */ = {isa = PBXFileReference; lastKnownFileType = sourcecode.c.objc; path = AppDelegate.m; sourceTree = "<group>"; };
		C242A10E1CC392F9002A64B5 /* ViewController.h */ = {isa = PBXFileReference; lastKnownFileType = sourcecode.c.h; path = ViewController.h; sourceTree = "<group>"; };
		C242A10F1CC392F9002A64B5 /* ViewController.m */ = {isa = PBXFileReference; lastKnownFileType = sourcecode.c.objc; path = ViewController.m; sourceTree = "<group>"; };
		C242A1121CC392F9002A64B5 /* Base */ = {isa = PBXFileReference; lastKnownFileType = file.storyboard; name = Base; path = Base.lproj/Main.storyboard; sourceTree = "<group>"; };
		C242A1141CC392F9002A64B5 /* Assets.xcassets */ = {isa = PBXFileReference; lastKnownFileType = folder.assetcatalog; path = Assets.xcassets; sourceTree = "<group>"; };
		C242A1171CC392F9002A64B5 /* Base */ = {isa = PBXFileReference; lastKnownFileType = file.storyboard; name = Base; path = Base.lproj/LaunchScreen.storyboard; sourceTree = "<group>"; };
		C242A1191CC392F9002A64B5 /* Info.plist */ = {isa = PBXFileReference; lastKnownFileType = text.plist.xml; path = Info.plist; sourceTree = "<group>"; };
		C242A11F1CC39889002A64B5 /* DeviceManager.h */ = {isa = PBXFileReference; fileEncoding = 4; lastKnownFileType = sourcecode.c.h; path = DeviceManager.h; sourceTree = "<group>"; };
		C242A1201CC39889002A64B5 /* DeviceManager.m */ = {isa = PBXFileReference; fileEncoding = 4; lastKnownFileType = sourcecode.c.objc; path = DeviceManager.m; sourceTree = "<group>"; };
		C242A1221CC39921002A64B5 /* TopWindow.h */ = {isa = PBXFileReference; fileEncoding = 4; lastKnownFileType = sourcecode.c.h; path = TopWindow.h; sourceTree = "<group>"; };
		C242A1231CC39921002A64B5 /* TopWindow.m */ = {isa = PBXFileReference; fileEncoding = 4; lastKnownFileType = sourcecode.c.objc; path = TopWindow.m; sourceTree = "<group>"; };
/* End PBXFileReference section */

/* Begin PBXFrameworksBuildPhase section */
		C242A1021CC392F9002A64B5 /* Frameworks */ = {
			isa = PBXFrameworksBuildPhase;
			buildActionMask = 2147483647;
			files = (
			);
			runOnlyForDeploymentPostprocessing = 0;
		};
/* End PBXFrameworksBuildPhase section */

/* Begin PBXGroup section */
		C242A0FC1CC392F9002A64B5 = {
			isa = PBXGroup;
			children = (
				C242A1071CC392F9002A64B5 /* PushToSetting */,
				C242A1061CC392F9002A64B5 /* Products */,
			);
			sourceTree = "<group>";
		};
		C242A1061CC392F9002A64B5 /* Products */ = {
			isa = PBXGroup;
			children = (
				C242A1051CC392F9002A64B5 /* PushToSetting.app */,
			);
			name = Products;
			sourceTree = "<group>";
		};
		C242A1071CC392F9002A64B5 /* PushToSetting */ = {
			isa = PBXGroup;
			children = (
				C242A10B1CC392F9002A64B5 /* AppDelegate.h */,
				C242A10C1CC392F9002A64B5 /* AppDelegate.m */,
				C242A10E1CC392F9002A64B5 /* ViewController.h */,
				C242A10F1CC392F9002A64B5 /* ViewController.m */,
				C242A11F1CC39889002A64B5 /* DeviceManager.h */,
				C242A1201CC39889002A64B5 /* DeviceManager.m */,
				1DD4F3331E178491003C04C8 /* FMMemoryTip.h */,
				1DD4F3341E178491003C04C8 /* FMMemoryTip.m */,
				C242A1221CC39921002A64B5 /* TopWindow.h */,
				C242A1231CC39921002A64B5 /* TopWindow.m */,
				C242A1111CC392F9002A64B5 /* Main.storyboard */,
				C242A1141CC392F9002A64B5 /* Assets.xcassets */,
				C242A1161CC392F9002A64B5 /* LaunchScreen.storyboard */,
				C242A1191CC392F9002A64B5 /* Info.plist */,
				C242A1081CC392F9002A64B5 /* Supporting Files */,
			);
			path = PushToSetting;
			sourceTree = "<group>";
		};
		C242A1081CC392F9002A64B5 /* Supporting Files */ = {
			isa = PBXGroup;
			children = (
				C242A1091CC392F9002A64B5 /* main.m */,
			);
			name = "Supporting Files";
			sourceTree = "<group>";
		};
/* End PBXGroup section */

/* Begin PBXNativeTarget section */
		C242A1041CC392F9002A64B5 /* PushToSetting */ = {
			isa = PBXNativeTarget;
			buildConfigurationList = C242A11C1CC392F9002A64B5 /* Build configuration list for PBXNativeTarget "PushToSetting" */;
			buildPhases = (
				C242A1011CC392F9002A64B5 /* Sources */,
				C242A1021CC392F9002A64B5 /* Frameworks */,
				C242A1031CC392F9002A64B5 /* Resources */,
			);
			buildRules = (
			);
			dependencies = (
			);
			name = PushToSetting;
			productName = PushToSetting;
			productReference = C242A1051CC392F9002A64B5 /* PushToSetting.app */;
			productType = "com.apple.product-type.application";
		};
/* End PBXNativeTarget section */

/* Begin PBXProject section */
		C242A0FD1CC392F9002A64B5 /* Project object */ = {
			isa = PBXProject;
			attributes = {
				LastUpgradeCheck = 0730;
				ORGANIZATIONNAME = SF;
				TargetAttributes = {
					C242A1041CC392F9002A64B5 = {
						CreatedOnToolsVersion = 7.3;
						DevelopmentTeam = VN226642G5;
					};
				};
			};
			buildConfigurationList = C242A1001CC392F9002A64B5 /* Build configuration list for PBXProject "PushToSetting" */;
			compatibilityVersion = "Xcode 3.2";
			developmentRegion = English;
			hasScannedForEncodings = 0;
			knownRegions = (
				en,
				Base,
			);
			mainGroup = C242A0FC1CC392F9002A64B5;
			productRefGroup = C242A1061CC392F9002A64B5 /* Products */;
			projectDirPath = "";
			projectRoot = "";
			targets = (
				C242A1041CC392F9002A64B5 /* PushToSetting */,
			);
		};
/* End PBXProject section */

/* Begin PBXResourcesBuildPhase section */
		C242A1031CC392F9002A64B5 /* Resources */ = {
			isa = PBXResourcesBuildPhase;
			buildActionMask = 2147483647;
			files = (
				C242A1181CC392F9002A64B5 /* LaunchScreen.storyboard in Resources */,
				C242A1151CC392F9002A64B5 /* Assets.xcassets in Resources */,
				C242A1131CC392F9002A64B5 /* Main.storyboard in Resources */,
			);
			runOnlyForDeploymentPostprocessing = 0;
		};
/* End PBXResourcesBuildPhase section */

/* Begin PBXSourcesBuildPhase section */
		C242A1011CC392F9002A64B5 /* Sources */ = {
			isa = PBXSourcesBuildPhase;
			buildActionMask = 2147483647;
			files = (
				C242A1101CC392F9002A64B5 /* ViewController.m in Sources */,
				1DD4F3351E178491003C04C8 /* FMMemoryTip.m in Sources */,
				C242A1211CC39889002A64B5 /* DeviceManager.m in Sources */,
				C242A10D1CC392F9002A64B5 /* AppDelegate.m in Sources */,
				C242A1241CC39921002A64B5 /* TopWindow.m in Sources */,
				C242A10A1CC392F9002A64B5 /* main.m in Sources */,
			);
			runOnlyForDeploymentPostprocessing = 0;
		};
/* End PBXSourcesBuildPhase section */

/* Begin PBXVariantGroup section */
		C242A1111CC392F9002A64B5 /* Main.storyboard */ = {
			isa = PBXVariantGroup;
			children = (
				C242A1121CC392F9002A64B5 /* Base */,
			);
			name = Main.storyboard;
			sourceTree = "<group>";
		};
		C242A1161CC392F9002A64B5 /* LaunchScreen.storyboard */ = {
			isa = PBXVariantGroup;
			children = (
				C242A1171CC392F9002A64B5 /* Base */,
			);
			name = LaunchScreen.storyboard;
			sourceTree = "<group>";
		};
/* End PBXVariantGroup section */

/* Begin XCBuildConfiguration section */
		C242A11A1CC392F9002A64B5 /* Debug */ = {
			isa = XCBuildConfiguration;
			buildSettings = {
				ALWAYS_SEARCH_USER_PATHS = NO;
				CLANG_ANALYZER_NONNULL = YES;
				CLANG_CXX_LANGUAGE_STANDARD = "gnu++0x";
				CLANG_CXX_LIBRARY = "libc++";
				CLANG_ENABLE_MODULES = YES;
				CLANG_ENABLE_OBJC_ARC = YES;
				CLANG_WARN_BOOL_CONVERSION = YES;
				CLANG_WARN_CONSTANT_CONVERSION = YES;
				CLANG_WARN_DIRECT_OBJC_ISA_USAGE = YES_ERROR;
				CLANG_WARN_EMPTY_BODY = YES;
				CLANG_WARN_ENUM_CONVERSION = YES;
				CLANG_WARN_INT_CONVERSION = YES;
				CLANG_WARN_OBJC_ROOT_CLASS = YES_ERROR;
				CLANG_WARN_UNREACHABLE_CODE = YES;
				CLANG_WARN__DUPLICATE_METHOD_MATCH = YES;
				"CODE_SIGN_IDENTITY[sdk=iphoneos*]" = "iPhone Developer";
				COPY_PHASE_STRIP = NO;
				DEBUG_INFORMATION_FORMAT = dwarf;
				ENABLE_STRICT_OBJC_MSGSEND = YES;
				ENABLE_TESTABILITY = YES;
				GCC_C_LANGUAGE_STANDARD = gnu99;
				GCC_DYNAMIC_NO_PIC = NO;
				GCC_NO_COMMON_BLOCKS = YES;
				GCC_OPTIMIZATION_LEVEL = 0;
				GCC_PREPROCESSOR_DEFINITIONS = (
					"DEBUG=1",
					"$(inherited)",
				);
				GCC_WARN_64_TO_32_BIT_CONVERSION = YES;
				GCC_WARN_ABOUT_RETURN_TYPE = YES_ERROR;
				GCC_WARN_UNDECLARED_SELECTOR = YES;
				GCC_WARN_UNINITIALIZED_AUTOS = YES_AGGRESSIVE;
				GCC_WARN_UNUSED_FUNCTION = YES;
				GCC_WARN_UNUSED_VARIABLE = YES;
				IPHONEOS_DEPLOYMENT_TARGET = 9.3;
				MTL_ENABLE_DEBUG_INFO = YES;
				ONLY_ACTIVE_ARCH = YES;
				SDKROOT = iphoneos;
			};
			name = Debug;
		};
		C242A11B1CC392F9002A64B5 /* Release */ = {
			isa = XCBuildConfiguration;
			buildSettings = {
				ALWAYS_SEARCH_USER_PATHS = NO;
				CLANG_ANALYZER_NONNULL = YES;
				CLANG_CXX_LANGUAGE_STANDARD = "gnu++0x";
				CLANG_CXX_LIBRARY = "libc++";
				CLANG_ENABLE_MODULES = YES;
				CLANG_ENABLE_OBJC_ARC = YES;
				CLANG_WARN_BOOL_CONVERSION = YES;
				CLANG_WARN_CONSTANT_CONVERSION = YES;
				CLANG_WARN_DIRECT_OBJC_ISA_USAGE = YES_ERROR;
				CLANG_WARN_EMPTY_BODY = YES;
				CLANG_WARN_ENUM_CONVERSION = YES;
				CLANG_WARN_INT_CONVERSION = YES;
				CLANG_WARN_OBJC_ROOT_CLASS = YES_ERROR;
				CLANG_WARN_UNREACHABLE_CODE = YES;
				CLANG_WARN__DUPLICATE_METHOD_MATCH = YES;
				"CODE_SIGN_IDENTITY[sdk=iphoneos*]" = "iPhone Developer";
				COPY_PHASE_STRIP = NO;
				DEBUG_INFORMATION_FORMAT = "dwarf-with-dsym";
				ENABLE_NS_ASSERTIONS = NO;
				ENABLE_STRICT_OBJC_MSGSEND = YES;
				GCC_C_LANGUAGE_STANDARD = gnu99;
				GCC_NO_COMMON_BLOCKS = YES;
				GCC_WARN_64_TO_32_BIT_CONVERSION = YES;
				GCC_WARN_ABOUT_RETURN_TYPE = YES_ERROR;
				GCC_WARN_UNDECLARED_SELECTOR = YES;
				GCC_WARN_UNINITIALIZED_AUTOS = YES_AGGRESSIVE;
				GCC_WARN_UNUSED_FUNCTION = YES;
				GCC_WARN_UNUSED_VARIABLE = YES;
				IPHONEOS_DEPLOYMENT_TARGET = 9.3;
				MTL_ENABLE_DEBUG_INFO = NO;
				SDKROOT = iphoneos;
				VALIDATE_PRODUCT = YES;
			};
			name = Release;
		};
		C242A11D1CC392F9002A64B5 /* Debug */ = {
			isa = XCBuildConfiguration;
			buildSettings = {
				ASSETCATALOG_COMPILER_APPICON_NAME = AppIcon;
				DEVELOPMENT_TEAM = VN226642G5;
				INFOPLIST_FILE = PushToSetting/Info.plist;
				LD_RUNPATH_SEARCH_PATHS = "$(inherited) @executable_path/Frameworks";
				PRODUCT_BUNDLE_IDENTIFIER = com.suifeng.PushToSetting;
				PRODUCT_NAME = "$(TARGET_NAME)";
			};
			name = Debug;
		};
		C242A11E1CC392F9002A64B5 /* Release */ = {
			isa = XCBuildConfiguration;
			buildSettings = {
				ASSETCATALOG_COMPILER_APPICON_NAME = AppIcon;
				DEVELOPMENT_TEAM = VN226642G5;
				INFOPLIST_FILE = PushToSetting/Info.plist;
				LD_RUNPATH_SEARCH_PATHS = "$(inherited) @executable_path/Frameworks";
				PRODUCT_BUNDLE_IDENTIFIER = com.suifeng.PushToSetting;
				PRODUCT_NAME = "$(TARGET_NAME)";
			};
			name = Release;
		};
/* End XCBuildConfiguration section */

/* Begin XCConfigurationList section */
		C242A1001CC392F9002A64B5 /* Build configuration list for PBXProject "PushToSetting" */ = {
			isa = XCConfigurationList;
			buildConfigurations = (
				C242A11A1CC392F9002A64B5 /* Debug */,
				C242A11B1CC392F9002A64B5 /* Release */,
			);
			defaultConfigurationIsVisible = 0;
			defaultConfigurationName = Release;
		};
		C242A11C1CC392F9002A64B5 /* Build configuration list for PBXNativeTarget "PushToSetting" */ = {
			isa = XCConfigurationList;
			buildConfigurations = (
				C242A11D1CC392F9002A64B5 /* Debug */,
				C242A11E1CC392F9002A64B5 /* Release */,
			);
			defaultConfigurationIsVisible = 0;
			defaultConfigurationName = Release;
		};
/* End XCConfigurationList section */
	};
	rootObject = C242A0FD1CC392F9002A64B5 /* Project object */;
}
